{
  "name": "a95e0f536cf9a537",
  "lockfileVersion": 2,
  "requires": true,
  "packages": {
    "": {
      "dependencies": {
        "nuxi": "^0.10.1"
      }
    },
    "node_modules/fsevents": {
      "version": "2.3.2",
      "resolved": "https://registry.npmjs.org/fsevents/-/fsevents-2.3.2.tgz",
      "integrity": "sha512-xiqMQR4xAeHTuB9uWm+fFRcIOgKBMiOBP+eXiyT7jsgVCq1bkVygt00oASowB7EdtpOHaaPgKt812P9ab+DDKA==",
      "hasInstallScript": true,
      "optional": true,
      "os": [
        "darwin"
      ],
      "engines": {
        "node": "^8.16.0 || ^10.6.0 || >=11.0.0"
      }
    },
    "node_modules/nuxi": {
      "version": "0.10.1",
      "resolved": "https://registry.npmjs.org/nuxi/-/nuxi-0.10.1.tgz",
      "integrity": "sha512-QqKUzOqny6bWCKu6O5bfA0tCDir8eSQsOmaP8//NlIBJWsPuzvo9Vu5J7HAT4v1DSzDO9lkOa5E6CAoNEOtvjQ==",
      "dependencies": {
        "nuxi-edge": "latest"
      },
      "bin": {
        "nuxi": "bin/nuxi.mjs"
      }
    },
    "node_modules/nuxi-edge": {
      "version": "3.0.0-27268685.6d300d2",
      "resolved": "https://registry.npmjs.org/nuxi-edge/-/nuxi-edge-3.0.0-27268685.6d300d2.tgz",
      "integrity": "sha512-x+ehhdv8SxRaNI1xRU1EImWaO6qh+GcldT06ZqMX7BtO8/QsByvOCde0yyqCUkRJPYC0FucLmy2gvXgG+OWOcw==",
      "bin": {
        "nuxi-edge": "bin/nuxi.mjs"
      },
      "engines": {
        "node": "^14.16.0 || ^16.11.0 || ^17.0.0"
      },
      "optionalDependencies": {
        "fsevents": "~2.3.2"
      }
    }
  },
  "dependencies": {
    "fsevents": {
      "version": "2.3.2",
      "resolved": "https://registry.npmjs.org/fsevents/-/fsevents-2.3.2.tgz",
      "integrity": "sha512-xiqMQR4xAeHTuB9uWm+fFRcIOgKBMiOBP+eXiyT7jsgVCq1bkVygt00oASowB7EdtpOHaaPgKt812P9ab+DDKA==",
      "optional": true
    },
    "nuxi": {
      "version": "0.10.1",
      "resolved": "https://registry.npmjs.org/nuxi/-/nuxi-0.10.1.tgz",
      "integrity": "sha512-QqKUzOqny6bWCKu6O5bfA0tCDir8eSQsOmaP8//NlIBJWsPuzvo9Vu5J7HAT4v1DSzDO9lkOa5E6CAoNEOtvjQ==",
      "requires": {
        "nuxi-edge": "latest"
      }
    },
    "nuxi-edge": {
      "version": "3.0.0-27268685.6d300d2",
      "resolved": "https://registry.npmjs.org/nuxi-edge/-/nuxi-edge-3.0.0-27268685.6d300d2.tgz",
      "integrity": "sha512-x+ehhdv8SxRaNI1xRU1EImWaO6qh+GcldT06ZqMX7BtO8/QsByvOCde0yyqCUkRJPYC0FucLmy2gvXgG+OWOcw==",
      "requires": {
        "fsevents": "~2.3.2"
      }
    }
  }
}
